{
  "name": "nidza-test",
  "version": "1.0.0",
  "lockfileVersion": 1,
  "requires": true,
  "dependencies": {
    "nidza": {
      "version": "1.1.1",
      "resolved": "https://registry.npmjs.org/nidza/-/nidza-1.1.1.tgz",
      "integrity": "sha512-53RM9x/QjuuueolmmHTGnDt62na5j7gWPC3kZgrAl9PeP0rqTVMrOw84/YOU8EAE9kYVI8uvFldfxgEy/fedwg==",
      "dev": true
    }
  }
}
